// !$*UTF8*$!
{
	archiveVersion = 1;
	classes = {
	};
	objectVersion = 55;
	objects = {

/* Begin PBXBuildFile section */
		340ECCE227FD84EA000F0EF0 /* Settings.bundle in Resources */ = {isa = PBXBuildFile; fileRef = 340ECCE127FD84EA000F0EF0 /* Settings.bundle */; };
		34794A1C280091440073DA63 /* iOSThermalSDK in Frameworks */ = {isa = PBXBuildFile; productRef = 34794A1B280091440073DA63 /* iOSThermalSDK */; };
		34794A1E280091440073DA63 /* SensorRecordingUtils in Frameworks */ = {isa = PBXBuildFile; productRef = 34794A1D280091440073DA63 /* SensorRecordingUtils */; };
		34794A20280091440073DA63 /* ThermalCamera in Frameworks */ = {isa = PBXBuildFile; productRef = 34794A1F280091440073DA63 /* ThermalCamera */; };
		349F9B9427FD0336004DA4B3 /* application_recording_view.swift in Sources */ = {isa = PBXBuildFile; fileRef = 349F9B8F27FD0336004DA4B3 /* application_recording_view.swift */; };
		349F9B9527FD0336004DA4B3 /* participant_view.swift in Sources */ = {isa = PBXBuildFile; fileRef = 349F9B9027FD0336004DA4B3 /* participant_view.swift */; };
		349F9B9627FD0336004DA4B3 /* participant_model.swift in Sources */ = {isa = PBXBuildFile; fileRef = 349F9B9127FD0336004DA4B3 /* participant_model.swift */; };
		349F9B9727FD0336004DA4B3 /* application_settings.swift in Sources */ = {isa = PBXBuildFile; fileRef = 349F9B9227FD0336004DA4B3 /* application_settings.swift */; };
		349F9B9827FD0336004DA4B3 /* application_recording_model.swift in Sources */ = {isa = PBXBuildFile; fileRef = 349F9B9327FD0336004DA4B3 /* application_recording_model.swift */; };
		34B94C2C27F61DD700043760 /* main_app.swift in Sources */ = {isa = PBXBuildFile; fileRef = 34B94C2B27F61DD700043760 /* main_app.swift */; };
		34B94C3027F61DD700043760 /* Assets.xcassets in Resources */ = {isa = PBXBuildFile; fileRef = 34B94C2F27F61DD700043760 /* Assets.xcassets */; };
		34B94C3327F61DD700043760 /* Preview Assets.xcassets in Resources */ = {isa = PBXBuildFile; fileRef = 34B94C3227F61DD700043760 /* Preview Assets.xcassets */; };
/* End PBXBuildFile section */

/* Begin PBXFileReference section */
		340ECCE127FD84EA000F0EF0 /* Settings.bundle */ = {isa = PBXFileReference; lastKnownFileType = "wrapper.plug-in"; path = Settings.bundle; sourceTree = "<group>"; };
		3467A7C427FD938600CD47BD /* thermal-recorder-Info.plist */ = {isa = PBXFileReference; lastKnownFileType = text.plist.xml; path = "thermal-recorder-Info.plist"; sourceTree = "<group>"; };
		34794A18280090E40073DA63 /* swift-sensor_recording_utils */ = {isa = PBXFileReference; lastKnownFileType = wrapper; name = "swift-sensor_recording_utils"; path = "../modules/swift-sensor_recording_utils"; sourceTree = "<group>"; };
		34794A19280090FA0073DA63 /* swift-ios_thermal_sdk */ = {isa = PBXFileReference; lastKnownFileType = wrapper; name = "swift-ios_thermal_sdk"; path = "../modules/swift-ios_thermal_sdk"; sourceTree = "<group>"; };
		34794A1A280091110073DA63 /* swift-thermal_camera */ = {isa = PBXFileReference; lastKnownFileType = wrapper; name = "swift-thermal_camera"; path = "../modules/swift-thermal_camera"; sourceTree = "<group>"; };
		349F9B8F27FD0336004DA4B3 /* application_recording_view.swift */ = {isa = PBXFileReference; fileEncoding = 4; lastKnownFileType = sourcecode.swift; path = application_recording_view.swift; sourceTree = "<group>"; };
		349F9B9027FD0336004DA4B3 /* participant_view.swift */ = {isa = PBXFileReference; fileEncoding = 4; lastKnownFileType = sourcecode.swift; path = participant_view.swift; sourceTree = "<group>"; };
		349F9B9127FD0336004DA4B3 /* participant_model.swift */ = {isa = PBXFileReference; fileEncoding = 4; lastKnownFileType = sourcecode.swift; path = participant_model.swift; sourceTree = "<group>"; };
		349F9B9227FD0336004DA4B3 /* application_settings.swift */ = {isa = PBXFileReference; fileEncoding = 4; lastKnownFileType = sourcecode.swift; path = application_settings.swift; sourceTree = "<group>"; };
		349F9B9327FD0336004DA4B3 /* application_recording_model.swift */ = {isa = PBXFileReference; fileEncoding = 4; lastKnownFileType = sourcecode.swift; path = application_recording_model.swift; sourceTree = "<group>"; };
		34B94C2827F61DD700043760 /* ThermalRecorder.app */ = {isa = PBXFileReference; explicitFileType = wrapper.application; includeInIndex = 0; path = ThermalRecorder.app; sourceTree = BUILT_PRODUCTS_DIR; };
		34B94C2B27F61DD700043760 /* main_app.swift */ = {isa = PBXFileReference; lastKnownFileType = sourcecode.swift; path = main_app.swift; sourceTree = "<group>"; };
		34B94C2F27F61DD700043760 /* Assets.xcassets */ = {isa = PBXFileReference; lastKnownFileType = folder.assetcatalog; path = Assets.xcassets; sourceTree = "<group>"; };
		34B94C3227F61DD700043760 /* Preview Assets.xcassets */ = {isa = PBXFileReference; lastKnownFileType = folder.assetcatalog; path = "Preview Assets.xcassets"; sourceTree = "<group>"; };
/* End PBXFileReference section */

/* Begin PBXFrameworksBuildPhase section */
		34B94C2527F61DD700043760 /* Frameworks */ = {
			isa = PBXFrameworksBuildPhase;
			buildActionMask = 2147483647;
			files = (
				34794A1E280091440073DA63 /* SensorRecordingUtils in Frameworks */,
				34794A1C280091440073DA63 /* iOSThermalSDK in Frameworks */,
				34794A20280091440073DA63 /* ThermalCamera in Frameworks */,
			);
			runOnlyForDeploymentPostprocessing = 0;
		};
/* End PBXFrameworksBuildPhase section */

/* Begin PBXGroup section */
		34794A17280090E40073DA63 /* Packages */ = {
			isa = PBXGroup;
			children = (
				34794A18280090E40073DA63 /* swift-sensor_recording_utils */,
				34794A19280090FA0073DA63 /* swift-ios_thermal_sdk */,
				34794A1A280091110073DA63 /* swift-thermal_camera */,
			);
			name = Packages;
			sourceTree = "<group>";
		};
		34B94C1F27F61DD700043760 = {
			isa = PBXGroup;
			children = (
				34794A17280090E40073DA63 /* Packages */,
				34B94C3927F61DDF00043760 /* src */,
				34B94C2A27F61DD700043760 /* project */,
				34B94C2927F61DD700043760 /* Products */,
				34B94C3E27F61E6E00043760 /* Frameworks */,
			);
			sourceTree = "<group>";
		};
		34B94C2927F61DD700043760 /* Products */ = {
			isa = PBXGroup;
			children = (
				34B94C2827F61DD700043760 /* ThermalRecorder.app */,
			);
			name = Products;
			sourceTree = "<group>";
		};
		34B94C2A27F61DD700043760 /* project */ = {
			isa = PBXGroup;
			children = (
				3467A7C427FD938600CD47BD /* thermal-recorder-Info.plist */,
				34B94C2F27F61DD700043760 /* Assets.xcassets */,
				34B94C3127F61DD700043760 /* Preview Content */,
				340ECCE127FD84EA000F0EF0 /* Settings.bundle */,
			);
			path = project;
			sourceTree = "<group>";
		};
		34B94C3127F61DD700043760 /* Preview Content */ = {
			isa = PBXGroup;
			children = (
				34B94C3227F61DD700043760 /* Preview Assets.xcassets */,
			);
			path = "Preview Content";
			sourceTree = "<group>";
		};
		34B94C3927F61DDF00043760 /* src */ = {
			isa = PBXGroup;
			children = (
				349F9B9327FD0336004DA4B3 /* application_recording_model.swift */,
				349F9B8F27FD0336004DA4B3 /* application_recording_view.swift */,
				349F9B9227FD0336004DA4B3 /* application_settings.swift */,
				349F9B9127FD0336004DA4B3 /* participant_model.swift */,
				349F9B9027FD0336004DA4B3 /* participant_view.swift */,
				34B94C2B27F61DD700043760 /* main_app.swift */,
			);
			path = src;
			sourceTree = "<group>";
		};
		34B94C3E27F61E6E00043760 /* Frameworks */ = {
			isa = PBXGroup;
			children = (
			);
			name = Frameworks;
			sourceTree = "<group>";
		};
/* End PBXGroup section */

/* Begin PBXNativeTarget section */
		34B94C2727F61DD700043760 /* thermal_recorder */ = {
			isa = PBXNativeTarget;
			buildConfigurationList = 34B94C3627F61DD700043760 /* Build configuration list for PBXNativeTarget "thermal_recorder" */;
			buildPhases = (
				34B94C2427F61DD700043760 /* Sources */,
				34B94C2527F61DD700043760 /* Frameworks */,
				34B94C2627F61DD700043760 /* Resources */,
			);
			buildRules = (
			);
			dependencies = (
			);
			name = thermal_recorder;
			packageProductDependencies = (
				34794A1B280091440073DA63 /* iOSThermalSDK */,
				34794A1D280091440073DA63 /* SensorRecordingUtils */,
				34794A1F280091440073DA63 /* ThermalCamera */,
			);
			productName = thermal_recorder;
			productReference = 34B94C2827F61DD700043760 /* ThermalRecorder.app */;
			productType = "com.apple.product-type.application";
		};
/* End PBXNativeTarget section */

/* Begin PBXProject section */
		34B94C2027F61DD700043760 /* Project object */ = {
			isa = PBXProject;
			attributes = {
				BuildIndependentTargetsInParallel = 1;
				LastSwiftUpdateCheck = 1330;
				LastUpgradeCheck = 1330;
				TargetAttributes = {
					34B94C2727F61DD700043760 = {
						CreatedOnToolsVersion = 13.3;
					};
				};
			};
			buildConfigurationList = 34B94C2327F61DD700043760 /* Build configuration list for PBXProject "thermal_recorder" */;
			compatibilityVersion = "Xcode 13.0";
			developmentRegion = en;
			hasScannedForEncodings = 0;
			knownRegions = (
				en,
				Base,
			);
			mainGroup = 34B94C1F27F61DD700043760;
			packageReferences = (
			);
			productRefGroup = 34B94C2927F61DD700043760 /* Products */;
			projectDirPath = "";
			projectRoot = "";
			targets = (
				34B94C2727F61DD700043760 /* thermal_recorder */,
			);
		};
/* End PBXProject section */

/* Begin PBXResourcesBuildPhase section */
		34B94C2627F61DD700043760 /* Resources */ = {
			isa = PBXResourcesBuildPhase;
			buildActionMask = 2147483647;
			files = (
				34B94C3327F61DD700043760 /* Preview Assets.xcassets in Resources */,
				340ECCE227FD84EA000F0EF0 /* Settings.bundle in Resources */,
				34B94C3027F61DD700043760 /* Assets.xcassets in Resources */,
			);
			runOnlyForDeploymentPostprocessing = 0;
		};
/* End PBXResourcesBuildPhase section */

/* Begin PBXSourcesBuildPhase section */
		34B94C2427F61DD700043760 /* Sources */ = {
			isa = PBXSourcesBuildPhase;
			buildActionMask = 2147483647;
			files = (
				349F9B9527FD0336004DA4B3 /* participant_view.swift in Sources */,
				349F9B9627FD0336004DA4B3 /* participant_model.swift in Sources */,
				349F9B9827FD0336004DA4B3 /* application_recording_model.swift in Sources */,
				349F9B9427FD0336004DA4B3 /* application_recording_view.swift in Sources */,
				34B94C2C27F61DD700043760 /* main_app.swift in Sources */,
				349F9B9727FD0336004DA4B3 /* application_settings.swift in Sources */,
			);
			runOnlyForDeploymentPostprocessing = 0;
		};
/* End PBXSourcesBuildPhase section */

/* Begin XCBuildConfiguration section */
		34B94C3427F61DD700043760 /* Debug */ = {
			isa = XCBuildConfiguration;
			buildSettings = {
				ALWAYS_SEARCH_USER_PATHS = NO;
				CLANG_ANALYZER_NONNULL = YES;
				CLANG_ANALYZER_NUMBER_OBJECT_CONVERSION = YES_AGGRESSIVE;
				CLANG_CXX_LANGUAGE_STANDARD = "gnu++17";
				CLANG_ENABLE_MODULES = YES;
				CLANG_ENABLE_OBJC_ARC = YES;
				CLANG_ENABLE_OBJC_WEAK = YES;
				CLANG_WARN_BLOCK_CAPTURE_AUTORELEASING = YES;
				CLANG_WARN_BOOL_CONVERSION = YES;
				CLANG_WARN_COMMA = YES;
				CLANG_WARN_CONSTANT_CONVERSION = YES;
				CLANG_WARN_DEPRECATED_OBJC_IMPLEMENTATIONS = YES;
				CLANG_WARN_DIRECT_OBJC_ISA_USAGE = YES_ERROR;
				CLANG_WARN_DOCUMENTATION_COMMENTS = YES;
				CLANG_WARN_EMPTY_BODY = YES;
				CLANG_WARN_ENUM_CONVERSION = YES;
				CLANG_WARN_INFINITE_RECURSION = YES;
				CLANG_WARN_INT_CONVERSION = YES;
				CLANG_WARN_NON_LITERAL_NULL_CONVERSION = YES;
				CLANG_WARN_OBJC_IMPLICIT_RETAIN_SELF = YES;
				CLANG_WARN_OBJC_LITERAL_CONVERSION = YES;
				CLANG_WARN_OBJC_ROOT_CLASS = YES_ERROR;
				CLANG_WARN_QUOTED_INCLUDE_IN_FRAMEWORK_HEADER = YES;
				CLANG_WARN_RANGE_LOOP_ANALYSIS = YES;
				CLANG_WARN_STRICT_PROTOTYPES = YES;
				CLANG_WARN_SUSPICIOUS_MOVE = YES;
				CLANG_WARN_UNGUARDED_AVAILABILITY = YES_AGGRESSIVE;
				CLANG_WARN_UNREACHABLE_CODE = YES;
				CLANG_WARN__DUPLICATE_METHOD_MATCH = YES;
				COPY_PHASE_STRIP = NO;
				DEBUG_INFORMATION_FORMAT = dwarf;
				ENABLE_STRICT_OBJC_MSGSEND = YES;
				ENABLE_TESTABILITY = YES;
				GCC_C_LANGUAGE_STANDARD = gnu11;
				GCC_DYNAMIC_NO_PIC = NO;
				GCC_NO_COMMON_BLOCKS = YES;
				GCC_OPTIMIZATION_LEVEL = 0;
				GCC_PREPROCESSOR_DEFINITIONS = (
					"DEBUG=1",
					"$(inherited)",
				);
				GCC_WARN_64_TO_32_BIT_CONVERSION = YES;
				GCC_WARN_ABOUT_RETURN_TYPE = YES_ERROR;
				GCC_WARN_UNDECLARED_SELECTOR = YES;
				GCC_WARN_UNINITIALIZED_AUTOS = YES_AGGRESSIVE;
				GCC_WARN_UNUSED_FUNCTION = YES;
				GCC_WARN_UNUSED_VARIABLE = YES;
				IPHONEOS_DEPLOYMENT_TARGET = 15.4;
				MTL_ENABLE_DEBUG_INFO = INCLUDE_SOURCE;
				MTL_FAST_MATH = YES;
				ONLY_ACTIVE_ARCH = YES;
				SDKROOT = iphoneos;
				SWIFT_ACTIVE_COMPILATION_CONDITIONS = DEBUG;
				SWIFT_OPTIMIZATION_LEVEL = "-Onone";
			};
			name = Debug;
		};
		34B94C3527F61DD700043760 /* Release */ = {
			isa = XCBuildConfiguration;
			buildSettings = {
				ALWAYS_SEARCH_USER_PATHS = NO;
				CLANG_ANALYZER_NONNULL = YES;
				CLANG_ANALYZER_NUMBER_OBJECT_CONVERSION = YES_AGGRESSIVE;
				CLANG_CXX_LANGUAGE_STANDARD = "gnu++17";
				CLANG_ENABLE_MODULES = YES;
				CLANG_ENABLE_OBJC_ARC = YES;
				CLANG_ENABLE_OBJC_WEAK = YES;
				CLANG_WARN_BLOCK_CAPTURE_AUTORELEASING = YES;
				CLANG_WARN_BOOL_CONVERSION = YES;
				CLANG_WARN_COMMA = YES;
				CLANG_WARN_CONSTANT_CONVERSION = YES;
				CLANG_WARN_DEPRECATED_OBJC_IMPLEMENTATIONS = YES;
				CLANG_WARN_DIRECT_OBJC_ISA_USAGE = YES_ERROR;
				CLANG_WARN_DOCUMENTATION_COMMENTS = YES;
				CLANG_WARN_EMPTY_BODY = YES;
				CLANG_WARN_ENUM_CONVERSION = YES;
				CLANG_WARN_INFINITE_RECURSION = YES;
				CLANG_WARN_INT_CONVERSION = YES;
				CLANG_WARN_NON_LITERAL_NULL_CONVERSION = YES;
				CLANG_WARN_OBJC_IMPLICIT_RETAIN_SELF = YES;
				CLANG_WARN_OBJC_LITERAL_CONVERSION = YES;
				CLANG_WARN_OBJC_ROOT_CLASS = YES_ERROR;
				CLANG_WARN_QUOTED_INCLUDE_IN_FRAMEWORK_HEADER = YES;
				CLANG_WARN_RANGE_LOOP_ANALYSIS = YES;
				CLANG_WARN_STRICT_PROTOTYPES = YES;
				CLANG_WARN_SUSPICIOUS_MOVE = YES;
				CLANG_WARN_UNGUARDED_AVAILABILITY = YES_AGGRESSIVE;
				CLANG_WARN_UNREACHABLE_CODE = YES;
				CLANG_WARN__DUPLICATE_METHOD_MATCH = YES;
				COPY_PHASE_STRIP = NO;
				DEBUG_INFORMATION_FORMAT = "dwarf-with-dsym";
				ENABLE_NS_ASSERTIONS = NO;
				ENABLE_STRICT_OBJC_MSGSEND = YES;
				GCC_C_LANGUAGE_STANDARD = gnu11;
				GCC_NO_COMMON_BLOCKS = YES;
				GCC_WARN_64_TO_32_BIT_CONVERSION = YES;
				GCC_WARN_ABOUT_RETURN_TYPE = YES_ERROR;
				GCC_WARN_UNDECLARED_SELECTOR = YES;
				GCC_WARN_UNINITIALIZED_AUTOS = YES_AGGRESSIVE;
				GCC_WARN_UNUSED_FUNCTION = YES;
				GCC_WARN_UNUSED_VARIABLE = YES;
				IPHONEOS_DEPLOYMENT_TARGET = 15.4;
				MTL_ENABLE_DEBUG_INFO = NO;
				MTL_FAST_MATH = YES;
				SDKROOT = iphoneos;
				SWIFT_COMPILATION_MODE = wholemodule;
				SWIFT_OPTIMIZATION_LEVEL = "-O";
				VALIDATE_PRODUCT = YES;
			};
			name = Release;
		};
		34B94C3727F61DD700043760 /* Debug */ = {
			isa = XCBuildConfiguration;
			buildSettings = {
				ASSETCATALOG_COMPILER_APPICON_NAME = AppIcon;
				ASSETCATALOG_COMPILER_GLOBAL_ACCENT_COLOR_NAME = AccentColor;
				CODE_SIGN_STYLE = Automatic;
				CURRENT_PROJECT_VERSION = 4;
				DEVELOPMENT_ASSET_PATHS = "\"project/Preview Content\"";
				DEVELOPMENT_TEAM = B362S7ZS3K;
				ENABLE_PREVIEWS = YES;
				GENERATE_INFOPLIST_FILE = YES;
				INFOPLIST_FILE = "project/thermal-recorder-Info.plist";
				INFOPLIST_KEY_CFBundleDisplayName = ThermalRecorder;
				INFOPLIST_KEY_LSSupportsOpeningDocumentsInPlace = YES;
				INFOPLIST_KEY_NSBluetoothAlwaysUsageDescription = "The app uses Bluetooth technology to connect to cameras using the Bluetooth BLE technology";
				INFOPLIST_KEY_NSCameraUsageDescription = "This application requires access to a camera attachment to record video";
				INFOPLIST_KEY_NSLocalNetworkUsageDescription = "Looking for local tcp Bonjour service";
				INFOPLIST_KEY_UIApplicationSceneManifest_Generation = YES;
				INFOPLIST_KEY_UIApplicationSupportsIndirectInputEvents = YES;
				INFOPLIST_KEY_UILaunchScreen_Generation = YES;
				INFOPLIST_KEY_UIRequiresFullScreen = YES;
				INFOPLIST_KEY_UISupportedInterfaceOrientations = "UIInterfaceOrientationPortrait UIInterfaceOrientationPortraitUpsideDown UIInterfaceOrientationLandscapeLeft UIInterfaceOrientationLandscapeRight";
				INFOPLIST_KEY_UISupportedInterfaceOrientations_iPad = "UIInterfaceOrientationPortrait UIInterfaceOrientationPortraitUpsideDown UIInterfaceOrientationLandscapeLeft UIInterfaceOrientationLandscapeRight";
				INFOPLIST_KEY_UISupportedInterfaceOrientations_iPhone = "UIInterfaceOrientationPortrait UIInterfaceOrientationLandscapeLeft UIInterfaceOrientationLandscapeRight";
				LD_RUNPATH_SEARCH_PATHS = (
					"$(inherited)",
					"@executable_path/Frameworks",
				);
				MARKETING_VERSION = 0.3;
				PRODUCT_BUNDLE_IDENTIFIER = "uk.ac.ox.eng.cameralab.thermal-recorder";
				PRODUCT_NAME = ThermalRecorder;
				SWIFT_EMIT_LOC_STRINGS = YES;
				SWIFT_VERSION = 5.0;
				TARGETED_DEVICE_FAMILY = 1;
			};
			name = Debug;
		};
		34B94C3827F61DD700043760 /* Release */ = {
			isa = XCBuildConfiguration;
			buildSettings = {
				ASSETCATALOG_COMPILER_APPICON_NAME = AppIcon;
				ASSETCATALOG_COMPILER_GLOBAL_ACCENT_COLOR_NAME = AccentColor;
				CODE_SIGN_STYLE = Automatic;
				CURRENT_PROJECT_VERSION = 4;
				DEVELOPMENT_ASSET_PATHS = "\"project/Preview Content\"";
				DEVELOPMENT_TEAM = B362S7ZS3K;
				ENABLE_PREVIEWS = YES;
				GENERATE_INFOPLIST_FILE = YES;
				INFOPLIST_FILE = "project/thermal-recorder-Info.plist";
				INFOPLIST_KEY_CFBundleDisplayName = ThermalRecorder;
				INFOPLIST_KEY_LSSupportsOpeningDocumentsInPlace = YES;
				INFOPLIST_KEY_NSBluetoothAlwaysUsageDescription = "The app uses Bluetooth technology to connect to cameras using the Bluetooth BLE technology";
				INFOPLIST_KEY_NSCameraUsageDescription = "This application requires access to a camera attachment to record video";
				INFOPLIST_KEY_NSLocalNetworkUsageDescription = "Looking for local tcp Bonjour service";
				INFOPLIST_KEY_UIApplicationSceneManifest_Generation = YES;
				INFOPLIST_KEY_UIApplicationSupportsIndirectInputEvents = YES;
				INFOPLIST_KEY_UILaunchScreen_Generation = YES;
				INFOPLIST_KEY_UIRequiresFullScreen = YES;
				INFOPLIST_KEY_UISupportedInterfaceOrientations = "UIInterfaceOrientationPortrait UIInterfaceOrientationPortraitUpsideDown UIInterfaceOrientationLandscapeLeft UIInterfaceOrientationLandscapeRight";
				INFOPLIST_KEY_UISupportedInterfaceOrientations_iPad = "UIInterfaceOrientationPortrait UIInterfaceOrientationPortraitUpsideDown UIInterfaceOrientationLandscapeLeft UIInterfaceOrientationLandscapeRight";
				INFOPLIST_KEY_UISupportedInterfaceOrientations_iPhone = "UIInterfaceOrientationPortrait UIInterfaceOrientationLandscapeLeft UIInterfaceOrientationLandscapeRight";
				LD_RUNPATH_SEARCH_PATHS = (
					"$(inherited)",
					"@executable_path/Frameworks",
				);
				MARKETING_VERSION = 0.3;
				PRODUCT_BUNDLE_IDENTIFIER = "uk.ac.ox.eng.cameralab.thermal-recorder";
				PRODUCT_NAME = ThermalRecorder;
				SWIFT_EMIT_LOC_STRINGS = YES;
				SWIFT_VERSION = 5.0;
				TARGETED_DEVICE_FAMILY = 1;
			};
			name = Release;
		};
/* End XCBuildConfiguration section */

/* Begin XCConfigurationList section */
		34B94C2327F61DD700043760 /* Build configuration list for PBXProject "thermal_recorder" */ = {
			isa = XCConfigurationList;
			buildConfigurations = (
				34B94C3427F61DD700043760 /* Debug */,
				34B94C3527F61DD700043760 /* Release */,
			);
			defaultConfigurationIsVisible = 0;
			defaultConfigurationName = Release;
		};
		34B94C3627F61DD700043760 /* Build configuration list for PBXNativeTarget "thermal_recorder" */ = {
			isa = XCConfigurationList;
			buildConfigurations = (
				34B94C3727F61DD700043760 /* Debug */,
				34B94C3827F61DD700043760 /* Release */,
			);
			defaultConfigurationIsVisible = 0;
			defaultConfigurationName = Release;
		};
/* End XCConfigurationList section */

/* Begin XCSwiftPackageProductDependency section */
		34794A1B280091440073DA63 /* iOSThermalSDK */ = {
			isa = XCSwiftPackageProductDependency;
			productName = iOSThermalSDK;
		};
		34794A1D280091440073DA63 /* SensorRecordingUtils */ = {
			isa = XCSwiftPackageProductDependency;
			productName = SensorRecordingUtils;
		};
		34794A1F280091440073DA63 /* ThermalCamera */ = {
			isa = XCSwiftPackageProductDependency;
			productName = ThermalCamera;
		};
/* End XCSwiftPackageProductDependency section */
	};
	rootObject = 34B94C2027F61DD700043760 /* Project object */;
}
